<?xml version="1.0" encoding="UTF-8" standalone="yes" ?>
<CodeBlocks_project_file>
	<FileVersion major="1" minor="6" />
	<Project>
		<Option title="tests" />
		<Option pch_mode="2" />
		<Option compiler="gnu_gcc_compiler_for_arm_5" />
		<Build>
			<Target title="blank-bluepill">
				<Option output="_build/${TARGET_NAME}/${TARGET_NAME}" prefix_auto="1" extension_auto="1" />
				<Option working_dir="" />
				<Option object_output="_build/${TARGET_NAME}" />
				<Option type="5" />
				<Option compiler="gnu_gcc_compiler_for_arm_5" />
				<Compiler>
					<Add option="-mcpu=cortex-m3" />
					<Add option="-mthumb" />
					<Add option="-mfpu=vfp" />
					<Add option="-mthumb-interwork" />
					<Add option="-msoft-float" />
					<Add option="-D__CORTEX_M3" />
					<Add option="-D__FPU_PRESENT=0" />
					<Add option="-DARM_MATH_CM3" />
					<Add option="-DTARGET_NUCLEO_F103RB" />
					<Add option="-DTARGET_M3" />
					<Add option="-DTARGET_CORTEX_M" />
					<Add option="-DTARGET_STM" />
					<Add option="-DTARGET_STM32F1" />
					<Add option="-DTARGET_STM32F103RB" />
					<Add directory="system/CMSIS/STM32F1xx/Include" />
					<Add directory="system/STM32F1xx_HAL_Driver/Inc" />
					<Add directory="system/targets/STM32F1xx" />
					<Add directory="variants/BLUEPILL_F103C8" />
				</Compiler>
				<Linker>
					<Add option="-mcpu=cortex-m3" />
					<Add option="-msoft-float" />
					<Add option="-mfpu=vfp" />
					<Add option="-TSTM32F103XB.ld" />
					<Add option="-specs=nano.specs" />
					<Add option="-Wl,-whole-archive variants/BLUEPILL_F103C8/libmbed.a -Wl,-no-whole-archive" />
					<Add option="-lstdc++" />
					<Add option="-lsupc++" />
					<Add option="-lm" />
					<Add option="-lgcc" />
					<Add option="-lc" />
					<Add option="-lnosys" />
					<Add directory="variants/BLUEPILL_F103C8" />
				</Linker>
				<ExtraCommands>
					<Add after="arm-none-eabi-size $(TARGET_OUTPUT_FILE)" />
					<Add after="arm-none-eabi-objcopy  -O binary $(TARGET_OUTPUT_FILE) $(TARGET_OUTPUT_DIR)$(TARGET_OUTPUT_BASENAME).bin" />
				</ExtraCommands>
			</Target>
			<Target title="blank-f103xb">
				<Option output="_build/${TARGET_NAME}/${TARGET_NAME}" prefix_auto="1" extension_auto="1" />
				<Option working_dir="" />
				<Option object_output="_build/${TARGET_NAME}" />
				<Option type="5" />
				<Option compiler="gnu_gcc_compiler_for_arm_5" />
				<Compiler>
					<Add option="-mcpu=cortex-m3" />
					<Add option="-mthumb" />
					<Add option="-mfpu=vfp" />
					<Add option="-mthumb-interwork" />
					<Add option="-msoft-float" />
					<Add option="-D__CORTEX_M3" />
					<Add option="-D__FPU_PRESENT=0" />
					<Add option="-DARM_MATH_CM3" />
					<Add option="-DTARGET_NUCLEO_F103RB" />
					<Add option="-DTARGET_M3" />
					<Add option="-DTARGET_CORTEX_M" />
					<Add option="-DTARGET_STM" />
					<Add option="-DTARGET_STM32F1" />
					<Add option="-DTARGET_STM32F103RB" />
					<Add directory="system/CMSIS/STM32F1xx/Include" />
					<Add directory="system/STM32F1xx_HAL_Driver/Inc" />
					<Add directory="system/targets/STM32F1xx" />
					<Add directory="variants/NUCLEO_F103RB" />
				</Compiler>
				<Linker>
					<Add option="-mcpu=cortex-m3" />
					<Add option="-msoft-float" />
					<Add option="-mfpu=vfp" />
					<Add option="-TSTM32F103XB.ld" />
					<Add option="-specs=nano.specs" />
					<Add option="-Wl,-whole-archive variants/NUCLEO_F103RB/libmbed.a -Wl,-no-whole-archive" />
					<Add option="-lstdc++" />
					<Add option="-lsupc++" />
					<Add option="-lm" />
					<Add option="-lgcc" />
					<Add option="-lc" />
					<Add option="-lnosys" />
					<Add directory="variants/NUCLEO_F103RB" />
				</Linker>
				<ExtraCommands>
					<Add after="arm-none-eabi-size $(TARGET_OUTPUT_FILE)" />
					<Add after="arm-none-eabi-objcopy  -O binary $(TARGET_OUTPUT_FILE) $(TARGET_OUTPUT_DIR)$(TARGET_OUTPUT_BASENAME).bin" />
				</ExtraCommands>
			</Target>
			<Target title="blank-f401xe">
				<Option output="_build/${TARGET_NAME}/${TARGET_NAME}" prefix_auto="1" extension_auto="1" />
				<Option working_dir="" />
				<Option object_output="_build/${TARGET_NAME}" />
				<Option type="5" />
				<Option compiler="gnu_gcc_compiler_for_arm_5" />
				<Compiler>
					<Add option="-mthumb" />
					<Add option="-mthumb-interwork" />
					<Add option="-mcpu=cortex-m4" />
					<Add option="-mfpu=fpv4-sp-d16" />
					<Add option="-mfloat-abi=softfp" />
					<Add option="-D__CORTEX_M4" />
					<Add option="-D__FPU_PRESENT=1" />
					<Add option="-DARM_MATH_CM4" />
					<Add option="-DTARGET_NUCLEO_F401RE" />
					<Add option="-DTARGET_M4" />
					<Add option="-DTARGET_RTOS_M4_M7" />
					<Add option="-DTARGET_CORTEX_M" />
					<Add option="-DTARGET_STM" />
					<Add option="-DTARGET_STM32F4" />
					<Add option="-DTARGET_STM32F401RE" />
					<Add directory="system/CMSIS/STM32F4xx/Include" />
					<Add directory="system/STM32F4xx_HAL_Driver/Inc" />
					<Add directory="system/targets/STM32F4xx" />
					<Add directory="variants/NUCLEO_F401RE" />
				</Compiler>
				<Linker>
					<Add option="-mcpu=cortex-m4" />
					<Add option="-mfpu=fpv4-sp-d16" />
					<Add option="-mfloat-abi=softfp" />
					<Add option="-TSTM32F401XE.ld" />
					<Add option="-specs=nano.specs" />
					<Add option="-Wl,-whole-archive variants/NUCLEO_F401RE/libmbed.a -Wl,-no-whole-archive" />
					<Add option="-lstdc++" />
					<Add option="-lsupc++" />
					<Add option="-lm" />
					<Add option="-lgcc" />
					<Add option="-lc" />
					<Add option="-lnosys" />
					<Add directory="variants/NUCLEO_F401RE" />
				</Linker>
				<ExtraCommands>
					<Add after="arm-none-eabi-size $(TARGET_OUTPUT_FILE)" />
					<Add after="arm-none-eabi-objcopy  -O binary $(TARGET_OUTPUT_FILE) $(TARGET_OUTPUT_DIR)$(TARGET_OUTPUT_BASENAME).bin" />
				</ExtraCommands>
			</Target>
			<Target title="blank-l476xx">
				<Option output="_build/${TARGET_NAME}/${TARGET_NAME}" prefix_auto="1" extension_auto="1" />
				<Option working_dir="" />
				<Option object_output="_build/${TARGET_NAME}" />
				<Option type="5" />
				<Option compiler="gnu_gcc_compiler_for_arm_5" />
				<Compiler>
					<Add option="-mthumb" />
					<Add option="-mthumb-interwork" />
					<Add option="-mcpu=cortex-m4" />
					<Add option="-mfpu=fpv4-sp-d16" />
					<Add option="-mfloat-abi=softfp" />
					<Add option="-D__CORTEX_M4" />
					<Add option="-D__FPU_PRESENT=1" />
					<Add option="-DARM_MATH_CM4" />
					<Add option="-DTARGET_NUCLEO_L476RG" />
					<Add option="-DTARGET_M4" />
					<Add option="-DTARGET_RTOS_M4_M7" />
					<Add option="-DTARGET_CORTEX_M" />
					<Add option="-DTARGET_STM" />
					<Add option="-DTARGET_STM32L4" />
					<Add option="-DTARGET_STM32L476RG" />
					<Add directory="system/CMSIS/STM32L4xx/Include" />
					<Add directory="system/STM32L4xx_HAL_Driver/Inc" />
					<Add directory="system/targets/STM32L4xx" />
					<Add directory="variants/NUCLEO_L476RG" />
				</Compiler>
				<Linker>
					<Add option="-mcpu=cortex-m4" />
					<Add option="-mfpu=fpv4-sp-d16" />
					<Add option="-mfloat-abi=softfp" />
					<Add option="-TSTM32L476XX.ld" />
					<Add option="-specs=nano.specs" />
					<Add option="-Wl,-whole-archive variants/NUCLEO_L476RG/libmbed.a -Wl,-no-whole-archive" />
					<Add option="-lstdc++" />
					<Add option="-lsupc++" />
					<Add option="-lm" />
					<Add option="-lgcc" />
					<Add option="-lc" />
					<Add option="-lnosys" />
					<Add directory="variants/NUCLEO_L476RG" />
				</Linker>
				<ExtraCommands>
					<Add after="arm-none-eabi-size $(TARGET_OUTPUT_FILE)" />
					<Add after="arm-none-eabi-objcopy  -O binary $(TARGET_OUTPUT_FILE) $(TARGET_OUTPUT_DIR)$(TARGET_OUTPUT_BASENAME).bin" />
				</ExtraCommands>
			</Target>
			<Target title="i2c-bluepill">
				<Option output="_build/${TARGET_NAME}/${TARGET_NAME}" prefix_auto="1" extension_auto="1" />
				<Option working_dir="" />
				<Option object_output="_build/${TARGET_NAME}" />
				<Option type="5" />
				<Option compiler="gnu_gcc_compiler_for_arm_5" />
				<Compiler>
					<Add option="-mcpu=cortex-m3" />
					<Add option="-mthumb" />
					<Add option="-mfpu=vfp" />
					<Add option="-mthumb-interwork" />
					<Add option="-msoft-float" />
					<Add option="-D__CORTEX_M3" />
					<Add option="-D__FPU_PRESENT=0" />
					<Add option="-DARM_MATH_CM3" />
					<Add option="-DTARGET_NUCLEO_F103RB" />
					<Add option="-DTARGET_M3" />
					<Add option="-DTARGET_CORTEX_M" />
					<Add option="-DTARGET_STM" />
					<Add option="-DTARGET_STM32F1" />
					<Add option="-DTARGET_STM32F103RB" />
					<Add directory="system/CMSIS/STM32F1xx/Include" />
					<Add directory="system/STM32F1xx_HAL_Driver/Inc" />
					<Add directory="system/targets/STM32F1xx" />
					<Add directory="variants/BLUEPILL_F103C8" />
				</Compiler>
				<Linker>
					<Add option="-mcpu=cortex-m3" />
					<Add option="-msoft-float" />
					<Add option="-mfpu=vfp" />
					<Add option="-TSTM32F103XB.ld" />
					<Add option="-specs=nano.specs" />
					<Add option="-Wl,-whole-archive variants/BLUEPILL_F103C8/libmbed.a -Wl,-no-whole-archive" />
					<Add option="-lstdc++" />
					<Add option="-lsupc++" />
					<Add option="-lm" />
					<Add option="-lgcc" />
					<Add option="-lc" />
					<Add option="-lnosys" />
					<Add directory="variants/BLUEPILL_F103C8" />
				</Linker>
				<ExtraCommands>
					<Add after="arm-none-eabi-size $(TARGET_OUTPUT_FILE)" />
					<Add after="arm-none-eabi-objcopy  -O binary $(TARGET_OUTPUT_FILE) $(TARGET_OUTPUT_DIR)$(TARGET_OUTPUT_BASENAME).bin" />
				</ExtraCommands>
			</Target>
			<Target title="i2c-f103xb">
				<Option output="_build/${TARGET_NAME}/${TARGET_NAME}" prefix_auto="1" extension_auto="1" />
				<Option working_dir="" />
				<Option object_output="_build/${TARGET_NAME}" />
				<Option type="5" />
				<Option compiler="gnu_gcc_compiler_for_arm_5" />
				<Compiler>
					<Add option="-mcpu=cortex-m3" />
					<Add option="-mthumb" />
					<Add option="-mfpu=vfp" />
					<Add option="-mthumb-interwork" />
					<Add option="-msoft-float" />
					<Add option="-D__CORTEX_M3" />
					<Add option="-D__FPU_PRESENT=0" />
					<Add option="-DARM_MATH_CM3" />
					<Add option="-DTARGET_NUCLEO_F103RB" />
					<Add option="-DTARGET_M3" />
					<Add option="-DTARGET_CORTEX_M" />
					<Add option="-DTARGET_STM" />
					<Add option="-DTARGET_STM32F1" />
					<Add option="-DTARGET_STM32F103RB" />
					<Add directory="system/CMSIS/STM32F1xx/Include" />
					<Add directory="system/STM32F1xx_HAL_Driver/Inc" />
					<Add directory="system/targets/STM32F1xx" />
					<Add directory="variants/NUCLEO_F103RB" />
				</Compiler>
				<Linker>
					<Add option="-mcpu=cortex-m3" />
					<Add option="-msoft-float" />
					<Add option="-mfpu=vfp" />
					<Add option="-TSTM32F103XB.ld" />
					<Add option="-specs=nano.specs" />
					<Add option="-Wl,-whole-archive variants/NUCLEO_F103RB/libmbed.a -Wl,-no-whole-archive" />
					<Add option="-lstdc++" />
					<Add option="-lsupc++" />
					<Add option="-lm" />
					<Add option="-lgcc" />
					<Add option="-lc" />
					<Add option="-lnosys" />
					<Add directory="variants/NUCLEO_F103RB" />
				</Linker>
				<ExtraCommands>
					<Add after="arm-none-eabi-size $(TARGET_OUTPUT_FILE)" />
					<Add after="arm-none-eabi-objcopy  -O binary $(TARGET_OUTPUT_FILE) $(TARGET_OUTPUT_DIR)$(TARGET_OUTPUT_BASENAME).bin" />
				</ExtraCommands>
			</Target>
			<Target title="i2c-f401xe">
				<Option output="_build/${TARGET_NAME}/${TARGET_NAME}" prefix_auto="1" extension_auto="1" />
				<Option working_dir="" />
				<Option object_output="_build/${TARGET_NAME}" />
				<Option type="5" />
				<Option compiler="gnu_gcc_compiler_for_arm_5" />
				<Compiler>
					<Add option="-mthumb" />
					<Add option="-mthumb-interwork" />
					<Add option="-mcpu=cortex-m4" />
					<Add option="-mfpu=fpv4-sp-d16" />
					<Add option="-mfloat-abi=softfp" />
					<Add option="-D__CORTEX_M4" />
					<Add option="-D__FPU_PRESENT=1" />
					<Add option="-DARM_MATH_CM4" />
					<Add option="-DTARGET_NUCLEO_F401RE" />
					<Add option="-DTARGET_M4" />
					<Add option="-DTARGET_RTOS_M4_M7" />
					<Add option="-DTARGET_CORTEX_M" />
					<Add option="-DTARGET_STM" />
					<Add option="-DTARGET_STM32F4" />
					<Add option="-DTARGET_STM32F401RE" />
					<Add directory="system/CMSIS/STM32F4xx/Include" />
					<Add directory="system/STM32F4xx_HAL_Driver/Inc" />
					<Add directory="system/targets/STM32F4xx" />
					<Add directory="variants/NUCLEO_F401RE" />
				</Compiler>
				<Linker>
					<Add option="-mcpu=cortex-m4" />
					<Add option="-mfpu=fpv4-sp-d16" />
					<Add option="-mfloat-abi=softfp" />
					<Add option="-TSTM32F401XE.ld" />
					<Add option="-specs=nano.specs" />
					<Add option="-Wl,-whole-archive variants/NUCLEO_F401RE/libmbed.a -Wl,-no-whole-archive" />
					<Add option="-lstdc++" />
					<Add option="-lsupc++" />
					<Add option="-lm" />
					<Add option="-lgcc" />
					<Add option="-lc" />
					<Add option="-lnosys" />
					<Add directory="variants/NUCLEO_F401RE" />
				</Linker>
				<ExtraCommands>
					<Add after="arm-none-eabi-size $(TARGET_OUTPUT_FILE)" />
					<Add after="arm-none-eabi-objcopy  -O binary $(TARGET_OUTPUT_FILE) $(TARGET_OUTPUT_DIR)$(TARGET_OUTPUT_BASENAME).bin" />
				</ExtraCommands>
			</Target>
			<Target title="i2c-am2330-f401xe">
				<Option output="_build/${TARGET_NAME}/${TARGET_NAME}" prefix_auto="1" extension_auto="1" />
				<Option working_dir="" />
				<Option object_output="_build/${TARGET_NAME}" />
				<Option type="5" />
				<Option compiler="gnu_gcc_compiler_for_arm_5" />
				<Compiler>
					<Add option="-mthumb" />
					<Add option="-mthumb-interwork" />
					<Add option="-mcpu=cortex-m4" />
					<Add option="-mfpu=fpv4-sp-d16" />
					<Add option="-mfloat-abi=softfp" />
					<Add option="-D__CORTEX_M4" />
					<Add option="-D__FPU_PRESENT=1" />
					<Add option="-DARM_MATH_CM4" />
					<Add option="-DTARGET_NUCLEO_F401RE" />
					<Add option="-DTARGET_M4" />
					<Add option="-DTARGET_RTOS_M4_M7" />
					<Add option="-DTARGET_CORTEX_M" />
					<Add option="-DTARGET_STM" />
					<Add option="-DTARGET_STM32F4" />
					<Add option="-DTARGET_STM32F401RE" />
					<Add directory="system/CMSIS/STM32F4xx/Include" />
					<Add directory="system/STM32F4xx_HAL_Driver/Inc" />
					<Add directory="system/targets/STM32F4xx" />
					<Add directory="variants/NUCLEO_F401RE" />
				</Compiler>
				<Linker>
					<Add option="-mcpu=cortex-m4" />
					<Add option="-mfpu=fpv4-sp-d16" />
					<Add option="-mfloat-abi=softfp" />
					<Add option="-TSTM32F401XE.ld" />
					<Add option="-specs=nano.specs" />
					<Add option="-Wl,-whole-archive variants/NUCLEO_F401RE/libmbed.a -Wl,-no-whole-archive" />
					<Add option="-lstdc++" />
					<Add option="-lsupc++" />
					<Add option="-lm" />
					<Add option="-lgcc" />
					<Add option="-lc" />
					<Add option="-lnosys" />
					<Add option="-u _printf_float" />
					<Add directory="variants/NUCLEO_F401RE" />
				</Linker>
				<ExtraCommands>
					<Add after="arm-none-eabi-size $(TARGET_OUTPUT_FILE)" />
					<Add after="arm-none-eabi-objcopy  -O binary $(TARGET_OUTPUT_FILE) $(TARGET_OUTPUT_DIR)$(TARGET_OUTPUT_BASENAME).bin" />
				</ExtraCommands>
			</Target>
			<Target title="i2c-test-bluepill">
				<Option output="_build/${TARGET_NAME}/${TARGET_NAME}" prefix_auto="1" extension_auto="1" />
				<Option working_dir="" />
				<Option object_output="_build/${TARGET_NAME}" />
				<Option type="5" />
				<Option compiler="gnu_gcc_compiler_for_arm_5" />
				<Compiler>
					<Add option="-mcpu=cortex-m3" />
					<Add option="-mthumb" />
					<Add option="-mfpu=vfp" />
					<Add option="-mthumb-interwork" />
					<Add option="-msoft-float" />
					<Add option="-D__CORTEX_M3" />
					<Add option="-D__FPU_PRESENT=0" />
					<Add option="-DARM_MATH_CM3" />
					<Add option="-DTARGET_NUCLEO_F103RB" />
					<Add option="-DTARGET_M3" />
					<Add option="-DTARGET_CORTEX_M" />
					<Add option="-DTARGET_STM" />
					<Add option="-DTARGET_STM32F1" />
					<Add option="-DTARGET_STM32F103RB" />
					<Add directory="system/CMSIS/STM32F1xx/Include" />
					<Add directory="system/STM32F1xx_HAL_Driver/Inc" />
					<Add directory="system/targets/STM32F1xx" />
					<Add directory="variants/BLUEPILL_F103C8" />
				</Compiler>
				<Linker>
					<Add option="-mcpu=cortex-m3" />
					<Add option="-msoft-float" />
					<Add option="-mfpu=vfp" />
					<Add option="-TSTM32F103XB.ld" />
					<Add option="-specs=nano.specs" />
					<Add option="-Wl,-whole-archive variants/BLUEPILL_F103C8/libmbed.a -Wl,-no-whole-archive" />
					<Add option="-lstdc++" />
					<Add option="-lsupc++" />
					<Add option="-lm" />
					<Add option="-lgcc" />
					<Add option="-lc" />
					<Add option="-lnosys" />
					<Add directory="variants/BLUEPILL_F103C8" />
				</Linker>
				<ExtraCommands>
					<Add after="arm-none-eabi-size $(TARGET_OUTPUT_FILE)" />
					<Add after="arm-none-eabi-objcopy  -O binary $(TARGET_OUTPUT_FILE) $(TARGET_OUTPUT_DIR)$(TARGET_OUTPUT_BASENAME).bin" />
				</ExtraCommands>
			</Target>
			<Target title="rtc-l476xx">
				<Option output="_build/${TARGET_NAME}/${TARGET_NAME}" prefix_auto="1" extension_auto="1" />
				<Option working_dir="" />
				<Option object_output="_build/${TARGET_NAME}" />
				<Option type="5" />
				<Option compiler="gnu_gcc_compiler_for_arm_5" />
				<Compiler>
					<Add option="-mthumb" />
					<Add option="-mthumb-interwork" />
					<Add option="-mcpu=cortex-m4" />
					<Add option="-mfpu=fpv4-sp-d16" />
					<Add option="-mfloat-abi=softfp" />
					<Add option="-D__CORTEX_M4" />
					<Add option="-D__FPU_PRESENT=1" />
					<Add option="-DARM_MATH_CM4" />
					<Add option="-DTARGET_NUCLEO_L476RG" />
					<Add option="-DTARGET_M4" />
					<Add option="-DTARGET_RTOS_M4_M7" />
					<Add option="-DTARGET_CORTEX_M" />
					<Add option="-DTARGET_STM" />
					<Add option="-DTARGET_STM32L4" />
					<Add option="-DTARGET_STM32L476RG" />
					<Add directory="system/CMSIS/STM32L4xx/Include" />
					<Add directory="system/STM32L4xx_HAL_Driver/Inc" />
					<Add directory="system/targets/STM32L4xx" />
					<Add directory="variants/NUCLEO_L476RG" />
				</Compiler>
				<Linker>
					<Add option="-mcpu=cortex-m4" />
					<Add option="-mfpu=fpv4-sp-d16" />
					<Add option="-mfloat-abi=softfp" />
					<Add option="-TSTM32L476XX.ld" />
					<Add option="-specs=nano.specs" />
					<Add option="-Wl,-whole-archive variants/NUCLEO_L476RG/libmbed.a -Wl,-no-whole-archive" />
					<Add option="-lstdc++" />
					<Add option="-lsupc++" />
					<Add option="-lm" />
					<Add option="-lgcc" />
					<Add option="-lc" />
					<Add option="-lnosys" />
					<Add directory="variants/NUCLEO_L476RG" />
				</Linker>
				<ExtraCommands>
					<Add after="arm-none-eabi-size $(TARGET_OUTPUT_FILE)" />
					<Add after="arm-none-eabi-objcopy  -O binary $(TARGET_OUTPUT_FILE) $(TARGET_OUTPUT_DIR)$(TARGET_OUTPUT_BASENAME).bin" />
				</ExtraCommands>
			</Target>
			<Target title="ssd1306-bluepill">
				<Option output="_build/${TARGET_NAME}/${TARGET_NAME}" prefix_auto="1" extension_auto="1" />
				<Option working_dir="" />
				<Option object_output="_build/${TARGET_NAME}" />
				<Option type="5" />
				<Option compiler="gnu_gcc_compiler_for_arm_5" />
				<Compiler>
					<Add option="-mcpu=cortex-m3" />
					<Add option="-mthumb" />
					<Add option="-mfpu=vfp" />
					<Add option="-mthumb-interwork" />
					<Add option="-msoft-float" />
					<Add option="-D__CORTEX_M3" />
					<Add option="-D__FPU_PRESENT=0" />
					<Add option="-DARM_MATH_CM3" />
					<Add option="-DTARGET_NUCLEO_F103RB" />
					<Add option="-DTARGET_M3" />
					<Add option="-DTARGET_CORTEX_M" />
					<Add option="-DTARGET_STM" />
					<Add option="-DTARGET_STM32F1" />
					<Add option="-DTARGET_STM32F103RB" />
					<Add directory="system/CMSIS/STM32F1xx/Include" />
					<Add directory="system/STM32F1xx_HAL_Driver/Inc" />
					<Add directory="system/targets/STM32F1xx" />
					<Add directory="variants/BLUEPILL_F103C8" />
				</Compiler>
				<Linker>
					<Add option="-mcpu=cortex-m3" />
					<Add option="-msoft-float" />
					<Add option="-mfpu=vfp" />
					<Add option="-TSTM32F103XB.ld" />
					<Add option="-specs=nano.specs" />
					<Add option="-Wl,-whole-archive variants/BLUEPILL_F103C8/libmbed.a -Wl,-no-whole-archive" />
					<Add option="-lstdc++" />
					<Add option="-lsupc++" />
					<Add option="-lm" />
					<Add option="-lgcc" />
					<Add option="-lc" />
					<Add option="-lnosys" />
					<Add directory="variants/BLUEPILL_F103C8" />
				</Linker>
				<ExtraCommands>
					<Add after="arm-none-eabi-size $(TARGET_OUTPUT_FILE)" />
					<Add after="arm-none-eabi-objcopy  -O binary $(TARGET_OUTPUT_FILE) $(TARGET_OUTPUT_DIR)$(TARGET_OUTPUT_BASENAME).bin" />
				</ExtraCommands>
			</Target>
			<Target title="stdio-bluepill">
				<Option output="_build/${TARGET_NAME}/${TARGET_NAME}" prefix_auto="1" extension_auto="1" />
				<Option working_dir="" />
				<Option object_output="_build/${TARGET_NAME}" />
				<Option type="5" />
				<Option compiler="gnu_gcc_compiler_for_arm_5" />
				<Compiler>
					<Add option="-mcpu=cortex-m3" />
					<Add option="-mthumb" />
					<Add option="-mfpu=vfp" />
					<Add option="-mthumb-interwork" />
					<Add option="-msoft-float" />
					<Add option="-D__CORTEX_M3" />
					<Add option="-D__FPU_PRESENT=0" />
					<Add option="-DARM_MATH_CM3" />
					<Add option="-DTARGET_NUCLEO_F103RB" />
					<Add option="-DTARGET_M3" />
					<Add option="-DTARGET_CORTEX_M" />
					<Add option="-DTARGET_STM" />
					<Add option="-DTARGET_STM32F1" />
					<Add option="-DTARGET_STM32F103RB" />
					<Add directory="system/CMSIS/STM32F1xx/Include" />
					<Add directory="system/STM32F1xx_HAL_Driver/Inc" />
					<Add directory="system/targets/STM32F1xx" />
					<Add directory="variants/NUCLEO_F103RB" />
				</Compiler>
				<Linker>
					<Add option="-mcpu=cortex-m3" />
					<Add option="-msoft-float" />
					<Add option="-mfpu=vfp" />
					<Add option="-TSTM32F103XB.ld" />
					<Add option="-specs=nano.specs" />
					<Add option="-Wl,-whole-archive variants/NUCLEO_F103RB/libmbed.a -Wl,-no-whole-archive" />
					<Add option="-lstdc++" />
					<Add option="-lsupc++" />
					<Add option="-lm" />
					<Add option="-lgcc" />
					<Add option="-lc" />
					<Add option="-lnosys" />
					<Add directory="variants/NUCLEO_F103RB" />
				</Linker>
				<ExtraCommands>
					<Add after="arm-none-eabi-size $(TARGET_OUTPUT_FILE)" />
					<Add after="arm-none-eabi-objcopy  -O binary $(TARGET_OUTPUT_FILE) $(TARGET_OUTPUT_DIR)$(TARGET_OUTPUT_BASENAME).bin" />
				</ExtraCommands>
			</Target>
			<Target title="stdio-f103xb">
				<Option output="_build/${TARGET_NAME}/${TARGET_NAME}" prefix_auto="1" extension_auto="1" />
				<Option working_dir="" />
				<Option object_output="_build/${TARGET_NAME}" />
				<Option type="5" />
				<Option compiler="gnu_gcc_compiler_for_arm_5" />
				<Compiler>
					<Add option="-mcpu=cortex-m3" />
					<Add option="-mthumb" />
					<Add option="-mfpu=vfp" />
					<Add option="-mthumb-interwork" />
					<Add option="-msoft-float" />
					<Add option="-D__CORTEX_M3" />
					<Add option="-D__FPU_PRESENT=0" />
					<Add option="-DARM_MATH_CM3" />
					<Add option="-DTARGET_NUCLEO_F103RB" />
					<Add option="-DTARGET_M3" />
					<Add option="-DTARGET_CORTEX_M" />
					<Add option="-DTARGET_STM" />
					<Add option="-DTARGET_STM32F1" />
					<Add option="-DTARGET_STM32F103RB" />
					<Add directory="system/CMSIS/STM32F1xx/Include" />
					<Add directory="system/STM32F1xx_HAL_Driver/Inc" />
					<Add directory="system/targets/STM32F1xx" />
					<Add directory="variants/NUCLEO_F103RB" />
				</Compiler>
				<Linker>
					<Add option="-mcpu=cortex-m3" />
					<Add option="-msoft-float" />
					<Add option="-mfpu=vfp" />
					<Add option="-TSTM32F103XB.ld" />
					<Add option="-specs=nano.specs" />
					<Add option="-Wl,-whole-archive variants/NUCLEO_F103RB/libmbed.a -Wl,-no-whole-archive" />
					<Add option="-lstdc++" />
					<Add option="-lsupc++" />
					<Add option="-lm" />
					<Add option="-lgcc" />
					<Add option="-lc" />
					<Add option="-lnosys" />
					<Add directory="variants/NUCLEO_F103RB" />
				</Linker>
				<ExtraCommands>
					<Add after="arm-none-eabi-size $(TARGET_OUTPUT_FILE)" />
					<Add after="arm-none-eabi-objcopy  -O binary $(TARGET_OUTPUT_FILE) $(TARGET_OUTPUT_DIR)$(TARGET_OUTPUT_BASENAME).bin" />
				</ExtraCommands>
			</Target>
			<Target title="stdio-f401xe">
				<Option output="_build/${TARGET_NAME}/${TARGET_NAME}" prefix_auto="1" extension_auto="1" />
				<Option working_dir="" />
				<Option object_output="_build/${TARGET_NAME}" />
				<Option type="5" />
				<Option compiler="gnu_gcc_compiler_for_arm_5" />
				<Compiler>
					<Add option="-mthumb" />
					<Add option="-mthumb-interwork" />
					<Add option="-mcpu=cortex-m4" />
					<Add option="-mfpu=fpv4-sp-d16" />
					<Add option="-mfloat-abi=softfp" />
					<Add option="-D__CORTEX_M4" />
					<Add option="-D__FPU_PRESENT=1" />
					<Add option="-DARM_MATH_CM4" />
					<Add option="-DTARGET_NUCLEO_F401RE" />
					<Add option="-DTARGET_M4" />
					<Add option="-DTARGET_RTOS_M4_M7" />
					<Add option="-DTARGET_CORTEX_M" />
					<Add option="-DTARGET_STM" />
					<Add option="-DTARGET_STM32F4" />
					<Add option="-DTARGET_STM32F401RE" />
					<Add directory="system/CMSIS/STM32F4xx/Include" />
					<Add directory="system/STM32F4xx_HAL_Driver/Inc" />
					<Add directory="system/targets/STM32F4xx" />
					<Add directory="variants/NUCLEO_F401RE" />
				</Compiler>
				<Linker>
					<Add option="-mcpu=cortex-m4" />
					<Add option="-mfpu=fpv4-sp-d16" />
					<Add option="-mfloat-abi=softfp" />
					<Add option="-TSTM32F401XE.ld" />
					<Add option="-specs=nano.specs" />
					<Add option="-Wl,-whole-archive variants/NUCLEO_F401RE/libmbed.a -Wl,-no-whole-archive" />
					<Add option="-lstdc++" />
					<Add option="-lsupc++" />
					<Add option="-lm" />
					<Add option="-lgcc" />
					<Add option="-lc" />
					<Add option="-lnosys" />
					<Add directory="variants/NUCLEO_F401RE" />
				</Linker>
				<ExtraCommands>
					<Add after="arm-none-eabi-size $(TARGET_OUTPUT_FILE)" />
					<Add after="arm-none-eabi-objcopy  -O binary $(TARGET_OUTPUT_FILE) $(TARGET_OUTPUT_DIR)$(TARGET_OUTPUT_BASENAME).bin" />
				</ExtraCommands>
			</Target>
			<Target title="stdio-l476xx">
				<Option output="_build/${TARGET_NAME}/${TARGET_NAME}" prefix_auto="1" extension_auto="1" />
				<Option working_dir="" />
				<Option object_output="_build/${TARGET_NAME}" />
				<Option type="5" />
				<Option compiler="gnu_gcc_compiler_for_arm_5" />
				<Compiler>
					<Add option="-mthumb" />
					<Add option="-mthumb-interwork" />
					<Add option="-mcpu=cortex-m4" />
					<Add option="-mfpu=fpv4-sp-d16" />
					<Add option="-mfloat-abi=softfp" />
					<Add option="-D__CORTEX_M4" />
					<Add option="-D__FPU_PRESENT=1" />
					<Add option="-DARM_MATH_CM4" />
					<Add option="-DTARGET_NUCLEO_L476RG" />
					<Add option="-DTARGET_M4" />
					<Add option="-DTARGET_RTOS_M4_M7" />
					<Add option="-DTARGET_CORTEX_M" />
					<Add option="-DTARGET_STM" />
					<Add option="-DTARGET_STM32L4" />
					<Add option="-DTARGET_STM32L476RG" />
					<Add directory="system/CMSIS/STM32L4xx/Include" />
					<Add directory="system/STM32L4xx_HAL_Driver/Inc" />
					<Add directory="system/targets/STM32L4xx" />
					<Add directory="variants/NUCLEO_L476RG" />
				</Compiler>
				<Linker>
					<Add option="-mcpu=cortex-m4" />
					<Add option="-mfpu=fpv4-sp-d16" />
					<Add option="-mfloat-abi=softfp" />
					<Add option="-TSTM32L476XX.ld" />
					<Add option="-specs=nano.specs" />
					<Add option="-Wl,-whole-archive variants/NUCLEO_L476RG/libmbed.a -Wl,-no-whole-archive" />
					<Add option="-lstdc++" />
					<Add option="-lsupc++" />
					<Add option="-lm" />
					<Add option="-lgcc" />
					<Add option="-lc" />
					<Add option="-lnosys" />
					<Add directory="variants/NUCLEO_L476RG" />
				</Linker>
				<ExtraCommands>
					<Add after="arm-none-eabi-size $(TARGET_OUTPUT_FILE)" />
					<Add after="arm-none-eabi-objcopy  -O binary $(TARGET_OUTPUT_FILE) $(TARGET_OUTPUT_DIR)$(TARGET_OUTPUT_BASENAME).bin" />
				</ExtraCommands>
			</Target>
			<Target title="uart-f103xb">
				<Option output="_build/${TARGET_NAME}/${TARGET_NAME}" prefix_auto="1" extension_auto="1" />
				<Option working_dir="" />
				<Option object_output="_build/${TARGET_NAME}" />
				<Option type="5" />
				<Option compiler="gnu_gcc_compiler_for_arm_5" />
				<Compiler>
					<Add option="-mcpu=cortex-m3" />
					<Add option="-mthumb" />
					<Add option="-mfpu=vfp" />
					<Add option="-mthumb-interwork" />
					<Add option="-msoft-float" />
					<Add option="-D__CORTEX_M3" />
					<Add option="-D__FPU_PRESENT=0" />
					<Add option="-DARM_MATH_CM3" />
					<Add option="-DTARGET_NUCLEO_F103RB" />
					<Add option="-DTARGET_M3" />
					<Add option="-DTARGET_CORTEX_M" />
					<Add option="-DTARGET_STM" />
					<Add option="-DTARGET_STM32F1" />
					<Add option="-DTARGET_STM32F103RB" />
					<Add directory="system/CMSIS/STM32F1xx/Include" />
					<Add directory="system/STM32F1xx_HAL_Driver/Inc" />
					<Add directory="system/targets/STM32F1xx" />
					<Add directory="variants/NUCLEO_F103RB" />
				</Compiler>
				<Linker>
					<Add option="-mcpu=cortex-m3" />
					<Add option="-msoft-float" />
					<Add option="-mfpu=vfp" />
					<Add option="-TSTM32F103XB.ld" />
					<Add option="-specs=nano.specs" />
					<Add option="-Wl,-whole-archive variants/NUCLEO_F103RB/libmbed.a -Wl,-no-whole-archive" />
					<Add option="-lstdc++" />
					<Add option="-lsupc++" />
					<Add option="-lm" />
					<Add option="-lgcc" />
					<Add option="-lc" />
					<Add option="-lnosys" />
					<Add directory="variants/NUCLEO_F103RB" />
				</Linker>
				<ExtraCommands>
					<Add after="arm-none-eabi-size $(TARGET_OUTPUT_FILE)" />
					<Add after="arm-none-eabi-objcopy  -O binary $(TARGET_OUTPUT_FILE) $(TARGET_OUTPUT_DIR)$(TARGET_OUTPUT_BASENAME).bin" />
				</ExtraCommands>
			</Target>
			<Target title="uart-f401xe">
				<Option output="_build/${TARGET_NAME}/${TARGET_NAME}" prefix_auto="1" extension_auto="1" />
				<Option working_dir="" />
				<Option object_output="_build/${TARGET_NAME}" />
				<Option type="5" />
				<Option compiler="gnu_gcc_compiler_for_arm_5" />
				<Compiler>
					<Add option="-mthumb" />
					<Add option="-mthumb-interwork" />
					<Add option="-mcpu=cortex-m4" />
					<Add option="-mfpu=fpv4-sp-d16" />
					<Add option="-mfloat-abi=softfp" />
					<Add option="-D__CORTEX_M4" />
					<Add option="-D__FPU_PRESENT=1" />
					<Add option="-DARM_MATH_CM4" />
					<Add option="-DTARGET_NUCLEO_F401RE" />
					<Add option="-DTARGET_M4" />
					<Add option="-DTARGET_RTOS_M4_M7" />
					<Add option="-DTARGET_CORTEX_M" />
					<Add option="-DTARGET_STM" />
					<Add option="-DTARGET_STM32F4" />
					<Add option="-DTARGET_STM32F401RE" />
					<Add directory="system/CMSIS/STM32F4xx/Include" />
					<Add directory="system/STM32F4xx_HAL_Driver/Inc" />
					<Add directory="system/targets/STM32F4xx" />
					<Add directory="variants/NUCLEO_F401RE" />
				</Compiler>
				<Linker>
					<Add option="-mcpu=cortex-m4" />
					<Add option="-mfpu=fpv4-sp-d16" />
					<Add option="-mfloat-abi=softfp" />
					<Add option="-TSTM32F401XE.ld" />
					<Add option="-specs=nano.specs" />
					<Add option="-Wl,-whole-archive variants/NUCLEO_F401RE/libmbed.a -Wl,-no-whole-archive" />
					<Add option="-lstdc++" />
					<Add option="-lsupc++" />
					<Add option="-lm" />
					<Add option="-lgcc" />
					<Add option="-lc" />
					<Add option="-lnosys" />
					<Add directory="variants/NUCLEO_F401RE" />
				</Linker>
				<ExtraCommands>
					<Add after="arm-none-eabi-size $(TARGET_OUTPUT_FILE)" />
					<Add after="arm-none-eabi-objcopy  -O binary $(TARGET_OUTPUT_FILE) $(TARGET_OUTPUT_DIR)$(TARGET_OUTPUT_BASENAME).bin" />
				</ExtraCommands>
			</Target>
			<Target title="uart-l476xx">
				<Option output="_build/${TARGET_NAME}/${TARGET_NAME}" prefix_auto="1" extension_auto="1" />
				<Option working_dir="" />
				<Option object_output="_build/${TARGET_NAME}" />
				<Option type="5" />
				<Option compiler="gnu_gcc_compiler_for_arm_5" />
				<Compiler>
					<Add option="-mthumb" />
					<Add option="-mthumb-interwork" />
					<Add option="-mcpu=cortex-m4" />
					<Add option="-mfpu=fpv4-sp-d16" />
					<Add option="-mfloat-abi=softfp" />
					<Add option="-D__CORTEX_M4" />
					<Add option="-D__FPU_PRESENT=1" />
					<Add option="-DARM_MATH_CM4" />
					<Add option="-DTARGET_NUCLEO_L476RG" />
					<Add option="-DTARGET_M4" />
					<Add option="-DTARGET_RTOS_M4_M7" />
					<Add option="-DTARGET_CORTEX_M" />
					<Add option="-DTARGET_STM" />
					<Add option="-DTARGET_STM32L4" />
					<Add option="-DTARGET_STM32L476RG" />
					<Add directory="system/CMSIS/STM32L4xx/Include" />
					<Add directory="system/STM32L4xx_HAL_Driver/Inc" />
					<Add directory="system/targets/STM32L4xx" />
					<Add directory="variants/NUCLEO_L476RG" />
				</Compiler>
				<Linker>
					<Add option="-mcpu=cortex-m4" />
					<Add option="-mfpu=fpv4-sp-d16" />
					<Add option="-mfloat-abi=softfp" />
					<Add option="-TSTM32L476XX.ld" />
					<Add option="-specs=nano.specs" />
					<Add option="-Wl,-whole-archive variants/NUCLEO_L476RG/libmbed.a -Wl,-no-whole-archive" />
					<Add option="-lstdc++" />
					<Add option="-lsupc++" />
					<Add option="-lm" />
					<Add option="-lgcc" />
					<Add option="-lc" />
					<Add option="-lnosys" />
					<Add directory="variants/NUCLEO_L476RG" />
				</Linker>
				<ExtraCommands>
					<Add after="arm-none-eabi-size $(TARGET_OUTPUT_FILE)" />
					<Add after="arm-none-eabi-objcopy  -O binary $(TARGET_OUTPUT_FILE) $(TARGET_OUTPUT_DIR)$(TARGET_OUTPUT_BASENAME).bin" />
				</ExtraCommands>
			</Target>
			<Target title="AnalogIn-HelloWorld-f103xb">
				<Option output="_build/${TARGET_NAME}/${TARGET_NAME}" prefix_auto="1" extension_auto="1" />
				<Option working_dir="" />
				<Option object_output="_build/${TARGET_NAME}" />
				<Option type="5" />
				<Option compiler="gnu_gcc_compiler_for_arm_5" />
				<Compiler>
					<Add option="-mcpu=cortex-m3" />
					<Add option="-mthumb" />
					<Add option="-mfpu=vfp" />
					<Add option="-mthumb-interwork" />
					<Add option="-msoft-float" />
					<Add option="-D__CORTEX_M3" />
					<Add option="-D__FPU_PRESENT=0" />
					<Add option="-DARM_MATH_CM3" />
					<Add option="-DTARGET_NUCLEO_F103RB" />
					<Add option="-DTARGET_M3" />
					<Add option="-DTARGET_CORTEX_M" />
					<Add option="-DTARGET_STM" />
					<Add option="-DTARGET_STM32F1" />
					<Add option="-DTARGET_STM32F103RB" />
					<Add directory="system/CMSIS/STM32F1xx/Include" />
					<Add directory="system/STM32F1xx_HAL_Driver/Inc" />
					<Add directory="system/targets/STM32F1xx" />
					<Add directory="variants/NUCLEO_F103RB" />
				</Compiler>
				<Linker>
					<Add option="-mcpu=cortex-m3" />
					<Add option="-msoft-float" />
					<Add option="-mfpu=vfp" />
					<Add option="-TSTM32F103XB.ld" />
					<Add option="-specs=nano.specs" />
					<Add option="-Wl,-whole-archive variants/NUCLEO_F103RB/libmbed.a -Wl,-no-whole-archive" />
					<Add option="-lstdc++" />
					<Add option="-lsupc++" />
					<Add option="-lm" />
					<Add option="-lgcc" />
					<Add option="-lc" />
					<Add option="-lnosys" />
					<Add option="-u _printf_float" />
					<Add directory="variants/NUCLEO_F103RB" />
				</Linker>
				<ExtraCommands>
					<Add after="arm-none-eabi-size $(TARGET_OUTPUT_FILE)" />
					<Add after="arm-none-eabi-objcopy  -O binary $(TARGET_OUTPUT_FILE) $(TARGET_OUTPUT_DIR)$(TARGET_OUTPUT_BASENAME).bin" />
				</ExtraCommands>
			</Target>
			<Target title="AnalogIn-HelloWorld-f401xe">
				<Option output="_build/${TARGET_NAME}/${TARGET_NAME}" prefix_auto="1" extension_auto="1" />
				<Option working_dir="" />
				<Option object_output="_build/${TARGET_NAME}" />
				<Option type="5" />
				<Option compiler="gnu_gcc_compiler_for_arm_5" />
				<Compiler>
					<Add option="-mthumb" />
					<Add option="-mthumb-interwork" />
					<Add option="-mcpu=cortex-m4" />
					<Add option="-mfpu=fpv4-sp-d16" />
					<Add option="-mfloat-abi=softfp" />
					<Add option="-D__CORTEX_M4" />
					<Add option="-D__FPU_PRESENT=1" />
					<Add option="-DARM_MATH_CM4" />
					<Add option="-DTARGET_NUCLEO_F401RE" />
					<Add option="-DTARGET_M4" />
					<Add option="-DTARGET_RTOS_M4_M7" />
					<Add option="-DTARGET_CORTEX_M" />
					<Add option="-DTARGET_STM" />
					<Add option="-DTARGET_STM32F4" />
					<Add option="-DTARGET_STM32F401RE" />
					<Add directory="system/CMSIS/STM32F4xx/Include" />
					<Add directory="system/STM32F4xx_HAL_Driver/Inc" />
					<Add directory="system/targets/STM32F4xx" />
					<Add directory="variants/NUCLEO_F401RE" />
				</Compiler>
				<Linker>
					<Add option="-mcpu=cortex-m4" />
					<Add option="-mfpu=fpv4-sp-d16" />
					<Add option="-mfloat-abi=softfp" />
					<Add option="-TSTM32F401XE.ld" />
					<Add option="-specs=nano.specs" />
					<Add option="-Wl,-whole-archive variants/NUCLEO_F401RE/libmbed.a -Wl,-no-whole-archive" />
					<Add option="-lstdc++" />
					<Add option="-lsupc++" />
					<Add option="-lm" />
					<Add option="-lgcc" />
					<Add option="-lc" />
					<Add option="-lnosys" />
					<Add option="-u _printf_float" />
					<Add directory="variants/NUCLEO_F401RE" />
				</Linker>
				<ExtraCommands>
					<Add after="arm-none-eabi-size $(TARGET_OUTPUT_FILE)" />
					<Add after="arm-none-eabi-objcopy  -O binary $(TARGET_OUTPUT_FILE) $(TARGET_OUTPUT_DIR)$(TARGET_OUTPUT_BASENAME).bin" />
				</ExtraCommands>
			</Target>
			<Target title="AnalogIn-HelloWorld-l476xx">
				<Option output="_build/${TARGET_NAME}/${TARGET_NAME}" prefix_auto="1" extension_auto="1" />
				<Option working_dir="" />
				<Option object_output="_build/${TARGET_NAME}" />
				<Option type="5" />
				<Option compiler="gnu_gcc_compiler_for_arm_5" />
				<Compiler>
					<Add option="-mthumb" />
					<Add option="-mthumb-interwork" />
					<Add option="-mcpu=cortex-m4" />
					<Add option="-mfpu=fpv4-sp-d16" />
					<Add option="-mfloat-abi=softfp" />
					<Add option="-D__CORTEX_M4" />
					<Add option="-D__FPU_PRESENT=1" />
					<Add option="-DARM_MATH_CM4" />
					<Add option="-DTARGET_NUCLEO_L476RG" />
					<Add option="-DTARGET_M4" />
					<Add option="-DTARGET_RTOS_M4_M7" />
					<Add option="-DTARGET_CORTEX_M" />
					<Add option="-DTARGET_STM" />
					<Add option="-DTARGET_STM32L4" />
					<Add option="-DTARGET_STM32L476RG" />
					<Add directory="system/CMSIS/STM32L4xx/Include" />
					<Add directory="system/STM32L4xx_HAL_Driver/Inc" />
					<Add directory="system/targets/STM32L4xx" />
					<Add directory="variants/NUCLEO_L476RG" />
				</Compiler>
				<Linker>
					<Add option="-mcpu=cortex-m4" />
					<Add option="-mfpu=fpv4-sp-d16" />
					<Add option="-mfloat-abi=softfp" />
					<Add option="-TSTM32L476XX.ld" />
					<Add option="-specs=nano.specs" />
					<Add option="-Wl,-whole-archive variants/NUCLEO_L476RG/libmbed.a -Wl,-no-whole-archive" />
					<Add option="-lstdc++" />
					<Add option="-lsupc++" />
					<Add option="-lm" />
					<Add option="-lgcc" />
					<Add option="-lc" />
					<Add option="-lnosys" />
					<Add option="-u _printf_float" />
					<Add directory="variants/NUCLEO_L476RG" />
				</Linker>
				<ExtraCommands>
					<Add after="arm-none-eabi-size $(TARGET_OUTPUT_FILE)" />
					<Add after="arm-none-eabi-objcopy  -O binary $(TARGET_OUTPUT_FILE) $(TARGET_OUTPUT_DIR)$(TARGET_OUTPUT_BASENAME).bin" />
				</ExtraCommands>
			</Target>
			<Target title="Ticker-f401xe">
				<Option output="_build/${TARGET_NAME}/${TARGET_NAME}" prefix_auto="1" extension_auto="1" />
				<Option working_dir="" />
				<Option object_output="_build/${TARGET_NAME}" />
				<Option type="5" />
				<Option compiler="gnu_gcc_compiler_for_arm_5" />
				<Compiler>
					<Add option="-mthumb" />
					<Add option="-mthumb-interwork" />
					<Add option="-mcpu=cortex-m4" />
					<Add option="-mfpu=fpv4-sp-d16" />
					<Add option="-mfloat-abi=softfp" />
					<Add option="-D__CORTEX_M4" />
					<Add option="-D__FPU_PRESENT=1" />
					<Add option="-DARM_MATH_CM4" />
					<Add option="-DTARGET_NUCLEO_F401RE" />
					<Add option="-DTARGET_M4" />
					<Add option="-DTARGET_RTOS_M4_M7" />
					<Add option="-DTARGET_CORTEX_M" />
					<Add option="-DTARGET_STM" />
					<Add option="-DTARGET_STM32F4" />
					<Add option="-DTARGET_STM32F401RE" />
					<Add directory="system/CMSIS/STM32F4xx/Include" />
					<Add directory="system/STM32F4xx_HAL_Driver/Inc" />
					<Add directory="system/targets/STM32F4xx" />
					<Add directory="variants/NUCLEO_F401RE" />
				</Compiler>
				<Linker>
					<Add option="-mcpu=cortex-m4" />
					<Add option="-mfpu=fpv4-sp-d16" />
					<Add option="-mfloat-abi=softfp" />
					<Add option="-TSTM32F401XE.ld" />
					<Add option="-specs=nano.specs" />
					<Add option="-Wl,-whole-archive variants/NUCLEO_F401RE/libmbed.a -Wl,-no-whole-archive" />
					<Add option="-lstdc++" />
					<Add option="-lsupc++" />
					<Add option="-lm" />
					<Add option="-lgcc" />
					<Add option="-lc" />
					<Add option="-lnosys" />
					<Add directory="variants/NUCLEO_F401RE" />
				</Linker>
				<ExtraCommands>
					<Add after="arm-none-eabi-size $(TARGET_OUTPUT_FILE)" />
					<Add after="arm-none-eabi-objcopy  -O binary $(TARGET_OUTPUT_FILE) $(TARGET_OUTPUT_DIR)$(TARGET_OUTPUT_BASENAME).bin" />
				</ExtraCommands>
			</Target>
			<Target title="Timer64-l476xx">
				<Option output="_build/${TARGET_NAME}/${TARGET_NAME}" prefix_auto="1" extension_auto="1" />
				<Option working_dir="" />
				<Option object_output="_build/${TARGET_NAME}" />
				<Option type="5" />
				<Option compiler="gnu_gcc_compiler_for_arm_5" />
				<Compiler>
					<Add option="-mthumb" />
					<Add option="-mthumb-interwork" />
					<Add option="-mcpu=cortex-m4" />
					<Add option="-mfpu=fpv4-sp-d16" />
					<Add option="-mfloat-abi=softfp" />
					<Add option="-D__CORTEX_M4" />
					<Add option="-D__FPU_PRESENT=1" />
					<Add option="-DARM_MATH_CM4" />
					<Add option="-DTARGET_NUCLEO_L476RG" />
					<Add option="-DTARGET_M4" />
					<Add option="-DTARGET_RTOS_M4_M7" />
					<Add option="-DTARGET_CORTEX_M" />
					<Add option="-DTARGET_STM" />
					<Add option="-DTARGET_STM32L4" />
					<Add option="-DTARGET_STM32L476RG" />
					<Add directory="system/CMSIS/STM32L4xx/Include" />
					<Add directory="system/STM32L4xx_HAL_Driver/Inc" />
					<Add directory="system/targets/STM32L4xx" />
					<Add directory="variants/NUCLEO_L476RG" />
					<Add directory="system/rtos/rtos" />
					<Add directory="system/rtos/rtx/TARGET_CORTEX_M" />
					<Add directory="libraries/Timer64" />
				</Compiler>
				<Linker>
					<Add option="-mcpu=cortex-m4" />
					<Add option="-mfpu=fpv4-sp-d16" />
					<Add option="-mfloat-abi=softfp" />
					<Add option="-TSTM32L476XX.ld" />
					<Add option="-Wl,-whole-archive variants/NUCLEO_L476RG/libmbed.a variants/NUCLEO_L476RG/librtos.a -Wl,-no-whole-archive" />
					<Add option="-lstdc++" />
					<Add option="-lsupc++" />
					<Add option="-lm" />
					<Add option="-lgcc" />
					<Add option="-lc" />
					<Add option="-lnosys" />
					<Add directory="variants/NUCLEO_L476RG" />
				</Linker>
				<ExtraCommands>
					<Add after="arm-none-eabi-size $(TARGET_OUTPUT_FILE)" />
					<Add after="arm-none-eabi-objcopy  -O binary $(TARGET_OUTPUT_FILE) $(TARGET_OUTPUT_DIR)$(TARGET_OUTPUT_BASENAME).bin" />
				</ExtraCommands>
			</Target>
			<Target title="rtos-basic-bluepill">
				<Option output="_build/${TARGET_NAME}/${TARGET_NAME}" prefix_auto="1" extension_auto="1" />
				<Option working_dir="" />
				<Option object_output="_build/${TARGET_NAME}" />
				<Option type="5" />
				<Option compiler="gnu_gcc_compiler_for_arm_5" />
				<Compiler>
					<Add option="-mcpu=cortex-m3" />
					<Add option="-mthumb" />
					<Add option="-mfpu=vfp" />
					<Add option="-mthumb-interwork" />
					<Add option="-msoft-float" />
					<Add option="-D__CORTEX_M3" />
					<Add option="-D__FPU_PRESENT=0" />
					<Add option="-DARM_MATH_CM3" />
					<Add option="-DTARGET_NUCLEO_F103RB" />
					<Add option="-DTARGET_M3" />
					<Add option="-DTARGET_CORTEX_M" />
					<Add option="-DTARGET_STM" />
					<Add option="-DTARGET_STM32F1" />
					<Add option="-DTARGET_STM32F103RB" />
					<Add directory="system/CMSIS/STM32F1xx/Include" />
					<Add directory="system/STM32F1xx_HAL_Driver/Inc" />
					<Add directory="system/targets/STM32F1xx" />
					<Add directory="variants/BLUEPILL_F103C8" />
					<Add directory="system/rtos/rtos" />
					<Add directory="system/rtos/rtx/TARGET_CORTEX_M" />
				</Compiler>
				<Linker>
					<Add option="-mcpu=cortex-m3" />
					<Add option="-msoft-float" />
					<Add option="-mfpu=vfp" />
					<Add option="-TSTM32F103XB.ld" />
					<Add option="-specs=nano.specs" />
					<Add option="-Wl,-whole-archive variants/BLUEPILL_F103C8/libmbed.a variants/BLUEPILL_F103C8/librtos.a -Wl,-no-whole-archive" />
					<Add option="-lstdc++" />
					<Add option="-lsupc++" />
					<Add option="-lm" />
					<Add option="-lgcc" />
					<Add option="-lc" />
					<Add option="-lnosys" />
					<Add directory="variants/BLUEPILL_F103C8" />
				</Linker>
				<ExtraCommands>
					<Add after="arm-none-eabi-size $(TARGET_OUTPUT_FILE)" />
					<Add after="arm-none-eabi-objcopy  -O binary $(TARGET_OUTPUT_FILE) $(TARGET_OUTPUT_DIR)$(TARGET_OUTPUT_BASENAME).bin" />
				</ExtraCommands>
			</Target>
			<Target title="rtos-basic-f401xe">
				<Option output="_build/${TARGET_NAME}/${TARGET_NAME}" prefix_auto="1" extension_auto="1" />
				<Option working_dir="" />
				<Option object_output="_build/${TARGET_NAME}" />
				<Option type="5" />
				<Option compiler="gnu_gcc_compiler_for_arm_5" />
				<Compiler>
					<Add option="-mthumb" />
					<Add option="-mthumb-interwork" />
					<Add option="-mcpu=cortex-m4" />
					<Add option="-mfpu=fpv4-sp-d16" />
					<Add option="-mfloat-abi=softfp" />
					<Add option="-D__CORTEX_M4" />
					<Add option="-D__FPU_PRESENT=1" />
					<Add option="-DARM_MATH_CM4" />
					<Add option="-DTARGET_NUCLEO_F401RE" />
					<Add option="-DTARGET_M4" />
					<Add option="-DTARGET_RTOS_M4_M7" />
					<Add option="-DTARGET_CORTEX_M" />
					<Add option="-DTARGET_STM" />
					<Add option="-DTARGET_STM32F4" />
					<Add option="-DTARGET_STM32F401RE" />
					<Add directory="system/CMSIS/STM32F4xx/Include" />
					<Add directory="system/STM32F4xx_HAL_Driver/Inc" />
					<Add directory="system/targets/STM32F4xx" />
					<Add directory="variants/NUCLEO_F401RE" />
					<Add directory="system/rtos/rtos" />
					<Add directory="system/rtos/rtx/TARGET_CORTEX_M" />
				</Compiler>
				<Linker>
					<Add option="-mcpu=cortex-m4" />
					<Add option="-mfpu=fpv4-sp-d16" />
					<Add option="-mfloat-abi=softfp" />
					<Add option="-TSTM32F401XE.ld" />
					<Add option="-specs=nano.specs" />
					<Add option="-Wl,-whole-archive variants/NUCLEO_F401RE/libmbed.a variants/NUCLEO_F401RE/librtos.a -Wl,-no-whole-archive" />
					<Add option="-lstdc++" />
					<Add option="-lsupc++" />
					<Add option="-lm" />
					<Add option="-lgcc" />
					<Add option="-lc" />
					<Add option="-lnosys" />
					<Add directory="variants/NUCLEO_F401RE" />
				</Linker>
				<ExtraCommands>
					<Add after="arm-none-eabi-size $(TARGET_OUTPUT_FILE)" />
					<Add after="arm-none-eabi-objcopy  -O binary $(TARGET_OUTPUT_FILE) $(TARGET_OUTPUT_DIR)$(TARGET_OUTPUT_BASENAME).bin" />
				</ExtraCommands>
			</Target>
			<Target title="rtos-basic-l476xx">
				<Option output="_build/${TARGET_NAME}/${TARGET_NAME}" prefix_auto="1" extension_auto="1" />
				<Option working_dir="" />
				<Option object_output="_build/${TARGET_NAME}" />
				<Option type="5" />
				<Option compiler="gnu_gcc_compiler_for_arm_5" />
				<Compiler>
					<Add option="-mthumb" />
					<Add option="-mthumb-interwork" />
					<Add option="-mcpu=cortex-m4" />
					<Add option="-mfpu=fpv4-sp-d16" />
					<Add option="-mfloat-abi=softfp" />
					<Add option="-D__CORTEX_M4" />
					<Add option="-D__FPU_PRESENT=1" />
					<Add option="-DARM_MATH_CM4" />
					<Add option="-DTARGET_NUCLEO_L476RG" />
					<Add option="-DTARGET_M4" />
					<Add option="-DTARGET_RTOS_M4_M7" />
					<Add option="-DTARGET_CORTEX_M" />
					<Add option="-DTARGET_STM" />
					<Add option="-DTARGET_STM32L4" />
					<Add option="-DTARGET_STM32L476RG" />
					<Add directory="system/CMSIS/STM32L4xx/Include" />
					<Add directory="system/STM32L4xx_HAL_Driver/Inc" />
					<Add directory="system/targets/STM32L4xx" />
					<Add directory="variants/NUCLEO_L476RG" />
					<Add directory="system/rtos/rtos" />
					<Add directory="system/rtos/rtx/TARGET_CORTEX_M" />
				</Compiler>
				<Linker>
					<Add option="-mcpu=cortex-m4" />
					<Add option="-mfpu=fpv4-sp-d16" />
					<Add option="-mfloat-abi=softfp" />
					<Add option="-TSTM32L476XX.ld" />
					<Add option="-specs=nano.specs" />
					<Add option="-Wl,-whole-archive variants/NUCLEO_L476RG/libmbed.a variants/NUCLEO_L476RG/librtos.a -Wl,-no-whole-archive" />
					<Add option="-lstdc++" />
					<Add option="-lsupc++" />
					<Add option="-lm" />
					<Add option="-lgcc" />
					<Add option="-lc" />
					<Add option="-lnosys" />
					<Add directory="variants/NUCLEO_L476RG" />
				</Linker>
				<ExtraCommands>
					<Add after="arm-none-eabi-size $(TARGET_OUTPUT_FILE)" />
					<Add after="arm-none-eabi-objcopy  -O binary $(TARGET_OUTPUT_FILE) $(TARGET_OUTPUT_DIR)$(TARGET_OUTPUT_BASENAME).bin" />
				</ExtraCommands>
			</Target>
			<Target title="rtos-timer-l476xx">
				<Option output="_build/${TARGET_NAME}/${TARGET_NAME}" prefix_auto="1" extension_auto="1" />
				<Option working_dir="" />
				<Option object_output="_build/${TARGET_NAME}" />
				<Option type="5" />
				<Option compiler="gnu_gcc_compiler_for_arm_5" />
				<Compiler>
					<Add option="-mthumb" />
					<Add option="-mthumb-interwork" />
					<Add option="-mcpu=cortex-m4" />
					<Add option="-mfpu=fpv4-sp-d16" />
					<Add option="-mfloat-abi=softfp" />
					<Add option="-D__CORTEX_M4" />
					<Add option="-D__FPU_PRESENT=1" />
					<Add option="-DARM_MATH_CM4" />
					<Add option="-DTARGET_NUCLEO_L476RG" />
					<Add option="-DTARGET_M4" />
					<Add option="-DTARGET_RTOS_M4_M7" />
					<Add option="-DTARGET_CORTEX_M" />
					<Add option="-DTARGET_STM" />
					<Add option="-DTARGET_STM32L4" />
					<Add option="-DTARGET_STM32L476RG" />
					<Add directory="system/CMSIS/STM32L4xx/Include" />
					<Add directory="system/STM32L4xx_HAL_Driver/Inc" />
					<Add directory="system/targets/STM32L4xx" />
					<Add directory="variants/NUCLEO_L476RG" />
					<Add directory="system/rtos/rtos" />
					<Add directory="system/rtos/rtx/TARGET_CORTEX_M" />
				</Compiler>
				<Linker>
					<Add option="-mcpu=cortex-m4" />
					<Add option="-mfpu=fpv4-sp-d16" />
					<Add option="-mfloat-abi=softfp" />
					<Add option="-TSTM32L476XX.ld" />
					<Add option="-specs=nano.specs" />
					<Add option="-Wl,-whole-archive variants/NUCLEO_L476RG/libmbed.a variants/NUCLEO_L476RG/librtos.a -Wl,-no-whole-archive" />
					<Add option="-lstdc++" />
					<Add option="-lsupc++" />
					<Add option="-lm" />
					<Add option="-lgcc" />
					<Add option="-lc" />
					<Add option="-lnosys" />
					<Add directory="variants/NUCLEO_L476RG" />
				</Linker>
				<ExtraCommands>
					<Add after="arm-none-eabi-size $(TARGET_OUTPUT_FILE)" />
					<Add after="arm-none-eabi-objcopy  -O binary $(TARGET_OUTPUT_FILE) $(TARGET_OUTPUT_DIR)$(TARGET_OUTPUT_BASENAME).bin" />
				</ExtraCommands>
			</Target>
			<Target title="rtos-uart-bluepill">
				<Option output="_build/${TARGET_NAME}/${TARGET_NAME}" prefix_auto="1" extension_auto="1" />
				<Option working_dir="" />
				<Option object_output="_build/${TARGET_NAME}" />
				<Option type="5" />
				<Option compiler="gnu_gcc_compiler_for_arm_5" />
				<Compiler>
					<Add option="-mcpu=cortex-m3" />
					<Add option="-mthumb" />
					<Add option="-mfpu=vfp" />
					<Add option="-mthumb-interwork" />
					<Add option="-msoft-float" />
					<Add option="-D__CORTEX_M3" />
					<Add option="-D__FPU_PRESENT=0" />
					<Add option="-DARM_MATH_CM3" />
					<Add option="-DTARGET_NUCLEO_F103RB" />
					<Add option="-DTARGET_M3" />
					<Add option="-DTARGET_CORTEX_M" />
					<Add option="-DTARGET_STM" />
					<Add option="-DTARGET_STM32F1" />
					<Add option="-DTARGET_STM32F103RB" />
					<Add directory="system/CMSIS/STM32F1xx/Include" />
					<Add directory="system/STM32F1xx_HAL_Driver/Inc" />
					<Add directory="system/targets/STM32F1xx" />
					<Add directory="variants/BLUEPILL_F103C8" />
					<Add directory="system/rtos/rtos" />
					<Add directory="system/rtos/rtx/TARGET_CORTEX_M" />
				</Compiler>
				<Linker>
					<Add option="-mcpu=cortex-m3" />
					<Add option="-msoft-float" />
					<Add option="-mfpu=vfp" />
					<Add option="-TSTM32F103XB.ld" />
					<Add option="-specs=nano.specs" />
					<Add option="-Wl,-whole-archive variants/BLUEPILL_F103C8/libmbed.a variants/BLUEPILL_F103C8/librtos.a -Wl,-no-whole-archive" />
					<Add option="-lstdc++" />
					<Add option="-lsupc++" />
					<Add option="-lm" />
					<Add option="-lgcc" />
					<Add option="-lc" />
					<Add option="-lnosys" />
					<Add directory="variants/BLUEPILL_F103C8" />
				</Linker>
				<ExtraCommands>
					<Add after="arm-none-eabi-size $(TARGET_OUTPUT_FILE)" />
					<Add after="arm-none-eabi-objcopy  -O binary $(TARGET_OUTPUT_FILE) $(TARGET_OUTPUT_DIR)$(TARGET_OUTPUT_BASENAME).bin" />
				</ExtraCommands>
			</Target>
			<Target title="rtos-uart-f401xe">
				<Option output="_build/${TARGET_NAME}/${TARGET_NAME}" prefix_auto="1" extension_auto="1" />
				<Option working_dir="" />
				<Option object_output="_build/${TARGET_NAME}" />
				<Option type="5" />
				<Option compiler="gnu_gcc_compiler_for_arm_5" />
				<Compiler>
					<Add option="-mthumb" />
					<Add option="-mthumb-interwork" />
					<Add option="-mcpu=cortex-m4" />
					<Add option="-mfpu=fpv4-sp-d16" />
					<Add option="-mfloat-abi=softfp" />
					<Add option="-D__CORTEX_M4" />
					<Add option="-D__FPU_PRESENT=1" />
					<Add option="-DARM_MATH_CM4" />
					<Add option="-DTARGET_NUCLEO_F401RE" />
					<Add option="-DTARGET_M4" />
					<Add option="-DTARGET_RTOS_M4_M7" />
					<Add option="-DTARGET_CORTEX_M" />
					<Add option="-DTARGET_STM" />
					<Add option="-DTARGET_STM32F4" />
					<Add option="-DTARGET_STM32F401RE" />
					<Add directory="system/CMSIS/STM32F4xx/Include" />
					<Add directory="system/STM32F4xx_HAL_Driver/Inc" />
					<Add directory="system/targets/STM32F4xx" />
					<Add directory="variants/NUCLEO_F401RE" />
					<Add directory="system/rtos/rtos" />
					<Add directory="system/rtos/rtx/TARGET_CORTEX_M" />
				</Compiler>
				<Linker>
					<Add option="-mcpu=cortex-m4" />
					<Add option="-mfpu=fpv4-sp-d16" />
					<Add option="-mfloat-abi=softfp" />
					<Add option="-TSTM32F401XE.ld" />
					<Add option="-specs=nano.specs" />
					<Add option="-Wl,-whole-archive variants/NUCLEO_F401RE/libmbed.a variants/NUCLEO_F401RE/librtos.a -Wl,-no-whole-archive" />
					<Add option="-lstdc++" />
					<Add option="-lsupc++" />
					<Add option="-lm" />
					<Add option="-lgcc" />
					<Add option="-lc" />
					<Add option="-lnosys" />
					<Add directory="variants/NUCLEO_F401RE" />
				</Linker>
				<ExtraCommands>
					<Add after="arm-none-eabi-size $(TARGET_OUTPUT_FILE)" />
					<Add after="arm-none-eabi-objcopy  -O binary $(TARGET_OUTPUT_FILE) $(TARGET_OUTPUT_DIR)$(TARGET_OUTPUT_BASENAME).bin" />
				</ExtraCommands>
			</Target>
			<Target title="rtos-uart-l476xx">
				<Option output="_build/${TARGET_NAME}/${TARGET_NAME}" prefix_auto="1" extension_auto="1" />
				<Option working_dir="" />
				<Option object_output="_build/${TARGET_NAME}" />
				<Option type="5" />
				<Option compiler="gnu_gcc_compiler_for_arm_5" />
				<Compiler>
					<Add option="-mthumb" />
					<Add option="-mthumb-interwork" />
					<Add option="-mcpu=cortex-m4" />
					<Add option="-mfpu=fpv4-sp-d16" />
					<Add option="-mfloat-abi=softfp" />
					<Add option="-D__CORTEX_M4" />
					<Add option="-D__FPU_PRESENT=1" />
					<Add option="-DARM_MATH_CM4" />
					<Add option="-DTARGET_NUCLEO_L476RG" />
					<Add option="-DTARGET_M4" />
					<Add option="-DTARGET_RTOS_M4_M7" />
					<Add option="-DTARGET_CORTEX_M" />
					<Add option="-DTARGET_STM" />
					<Add option="-DTARGET_STM32L4" />
					<Add option="-DTARGET_STM32L476RG" />
					<Add directory="system/CMSIS/STM32L4xx/Include" />
					<Add directory="system/STM32L4xx_HAL_Driver/Inc" />
					<Add directory="system/targets/STM32L4xx" />
					<Add directory="variants/NUCLEO_L476RG" />
					<Add directory="system/rtos/rtos" />
					<Add directory="system/rtos/rtx/TARGET_CORTEX_M" />
				</Compiler>
				<Linker>
					<Add option="-mcpu=cortex-m4" />
					<Add option="-mfpu=fpv4-sp-d16" />
					<Add option="-mfloat-abi=softfp" />
					<Add option="-TSTM32L476XX.ld" />
					<Add option="-specs=nano.specs" />
					<Add option="-Wl,-whole-archive variants/NUCLEO_L476RG/libmbed.a variants/NUCLEO_L476RG/librtos.a -Wl,-no-whole-archive" />
					<Add option="-lstdc++" />
					<Add option="-lsupc++" />
					<Add option="-lm" />
					<Add option="-lgcc" />
					<Add option="-lc" />
					<Add option="-lnosys" />
					<Add directory="variants/NUCLEO_L476RG" />
				</Linker>
				<ExtraCommands>
					<Add after="arm-none-eabi-size $(TARGET_OUTPUT_FILE)" />
					<Add after="arm-none-eabi-objcopy  -O binary $(TARGET_OUTPUT_FILE) $(TARGET_OUTPUT_DIR)$(TARGET_OUTPUT_BASENAME).bin" />
				</ExtraCommands>
			</Target>
		</Build>
		<VirtualTargets>
			<Add alias="ALL" targets="blank-bluepill;blank-f103xb;blank-f401xe;blank-l476xx;i2c-bluepill;i2c-f103xb;i2c-f401xe;i2c-am2330-f401xe;i2c-test-bluepill;ssd1306-bluepill;stdio-bluepill;stdio-f103xb;stdio-f401xe;stdio-l476xx;uart-f103xb;uart-f401xe;uart-l476xx;AnalogIn-HelloWorld-f103xb;AnalogIn-HelloWorld-f401xe;AnalogIn-HelloWorld-l476xx;Ticker-f401xe;Timer64-l476xx;rtos-basic-bluepill;rtos-basic-f401xe;rtos-basic-l476xx;rtos-timer-l476xx;rtos-uart-bluepill;rtos-uart-l476xx;rtos-uart-f401xe;" />
			<Add alias="BLUEPILL" targets="blank-bluepill;i2c-bluepill;ssd1306-bluepill;stdio-bluepill;rtos-uart-bluepill;rtos-basic-bluepill;" />
		</VirtualTargets>
		<Compiler>
			<Add option="-fomit-frame-pointer" />
			<Add option="-Wextra" />
			<Add option="-Wall" />
			<Add option="-ffunction-sections" />
			<Add option="-fdata-sections" />
			<Add option="-fno-exceptions" />
			<Add option="-fno-delete-null-pointer-checks" />
			<Add option="-ggdb" />
			<Add option="-Og" />
			<Add option="-Wno-unused-parameter" />
			<Add option="-Wno-missing-field-initializers" />
			<Add option="-Wno-missing-braces" />
			<Add option="-fno-rtti" />
			<Add option="-std=gnu++11" />
			<Add option="-std=gnu99" />
			<Add option="-MMD" />
			<Add option="-MP" />
			<Add option="-DTOOLCHAIN_GCC" />
			<Add option="-D__MBED__=1" />
			<Add option="-D_C99_SOURCE" />
			<Add option="-DNDEBUG" />
			<Add directory="system/CMSIS/Include" />
			<Add directory="system/hal" />
			<Add directory="system/api" />
		</Compiler>
		<Linker>
			<Add option="-Wl,-Map=$(TARGET_OUTPUT_DIR)$(TARGET_OUTPUT_BASENAME).map,--cref" />
			<Add option="-Wl,--gc-sections" />
			<Add option="-Wl,--wrap,main" />
			<Add option="-Wl,--wrap,_malloc_r" />
			<Add option="-Wl,--wrap,_free_r" />
			<Add option="-Wl,--wrap,_realloc_r" />
			<Add option="-mthumb" />
		</Linker>
		<Unit filename="libraries/Timer64/Timer64.cpp">
			<Option target="Timer64-l476xx" />
		</Unit>
		<Unit filename="libraries/Timer64/Timer64.h">
			<Option target="Timer64-l476xx" />
		</Unit>
		<Unit filename="tests/AnalogIn-HelloWorld/main.cpp">
			<Option target="AnalogIn-HelloWorld-l476xx" />
			<Option target="AnalogIn-HelloWorld-f103xb" />
			<Option target="AnalogIn-HelloWorld-f401xe" />
		</Unit>
		<Unit filename="tests/Blank/main.cpp">
			<Option target="blank-f103xb" />
			<Option target="blank-f401xe" />
			<Option target="blank-l476xx" />
			<Option target="blank-bluepill" />
		</Unit>
		<Unit filename="tests/SSD1306/Adafruit_GFX.cpp">
			<Option target="ssd1306-bluepill" />
		</Unit>
		<Unit filename="tests/SSD1306/Adafruit_GFX.h">
			<Option target="ssd1306-bluepill" />
		</Unit>
		<Unit filename="tests/SSD1306/Adafruit_GFX_Config.h">
			<Option target="ssd1306-bluepill" />
		</Unit>
		<Unit filename="tests/SSD1306/Adafruit_SSD1306.cpp">
			<Option target="ssd1306-bluepill" />
		</Unit>
		<Unit filename="tests/SSD1306/Adafruit_SSD1306.h">
			<Option target="ssd1306-bluepill" />
		</Unit>
		<Unit filename="tests/SSD1306/glcdfont.h">
			<Option target="ssd1306-bluepill" />
		</Unit>
		<Unit filename="tests/SSD1306/main.cpp">
			<Option target="ssd1306-bluepill" />
		</Unit>
		<Unit filename="tests/Stdio/main.cpp">
			<Option target="stdio-l476xx" />
			<Option target="stdio-f103xb" />
			<Option target="stdio-f401xe" />
			<Option target="stdio-bluepill" />
		</Unit>
		<Unit filename="tests/Ticker/main.cpp">
			<Option target="Ticker-f401xe" />
		</Unit>
		<Unit filename="tests/Timer64/main.cpp">
			<Option target="Timer64-l476xx" />
		</Unit>
		<Unit filename="tests/Uart/main.cpp">
			<Option target="uart-l476xx" />
			<Option target="uart-f401xe" />
			<Option target="uart-f103xb" />
		</Unit>
		<Unit filename="tests/i2c-am2320/AM2320.cpp">
			<Option target="i2c-am2330-f401xe" />
		</Unit>
		<Unit filename="tests/i2c-am2320/AM2320.h">
			<Option target="i2c-am2330-f401xe" />
		</Unit>
		<Unit filename="tests/i2c-am2320/main.cpp">
			<Option target="i2c-am2330-f401xe" />
		</Unit>
		<Unit filename="tests/i2c-am2320/typedef.h">
			<Option target="i2c-am2330-f401xe" />
		</Unit>
		<Unit filename="tests/i2c-test/main.cpp">
			<Option target="i2c-test-bluepill" />
		</Unit>
		<Unit filename="tests/i2c/main.cpp">
			<Option target="i2c-bluepill" />
			<Option target="i2c-f103xb" />
			<Option target="i2c-f401xe" />
		</Unit>
		<Unit filename="tests/rtc/main.cpp">
			<Option target="rtc-l476xx" />
		</Unit>
		<Unit filename="tests/rtos-basic/main.cpp">
			<Option target="rtos-basic-f401xe" />
			<Option target="rtos-basic-bluepill" />
			<Option target="rtos-basic-l476xx" />
		</Unit>
		<Unit filename="tests/rtos-timer/main.cpp">
			<Option target="rtos-timer-l476xx" />
		</Unit>
		<Unit filename="tests/rtos-uart/main.cpp">
			<Option target="rtos-uart-f401xe" />
			<Option target="rtos-uart-bluepill" />
			<Option target="rtos-uart-l476xx" />
		</Unit>
		<Extensions>
			<code_completion />
			<debugger>
				<remote_debugging>
					<options conn_type="0" serial_baud="115200" ip_address="localhost" ip_port="3333" additional_cmds="monitor reset init&#x0A;load _build/${TARGET_NAME}/${TARGET_NAME}" />
				</remote_debugging>
			</debugger>
			<envvars />
		</Extensions>
	</Project>
</CodeBlocks_project_file>
